
Microsoft Visual Studio Solution File, Format Version 12.00
# Visual Studio Version 16
VisualStudioVersion = 16.0.31624.102
MinimumVisualStudioVersion = 10.0.40219.1
Project("{FAE04EC0-301F-11D3-BF4B-00C04F79EFBC}") = "ClassSubmission", "ClassSubmission\ClassSubmission.csproj", "{CA2C1C97-9F03-4BA1-B440-A724E4AD9881}"
EndProject
Global
	GlobalSection(SolutionConfigurationPlatforms) = preSolution
		Debug|Any CPU = Debug|Any CPU
		Release|Any CPU = Release|Any CPU
	EndGlobalSection
	GlobalSection(ProjectConfigurationPlatforms) = postSolution
		{CA2C1C97-9F03-4BA1-B440-A724E4AD9881}.Debug|Any CPU.ActiveCfg = Debug|Any CPU
		{CA2C1C97-9F03-4BA1-B440-A724E4AD9881}.Debug|Any CPU.Build.0 = Debug|Any CPU
		{CA2C1C97-9F03-4BA1-B440-A724E4AD9881}.Release|Any CPU.ActiveCfg = Release|Any CPU
		{CA2C1C97-9F03-4BA1-B440-A724E4AD9881}.Release|Any CPU.Build.0 = Release|Any CPU
	EndGlobalSection
	GlobalSection(SolutionProperties) = preSolution
		HideSolutionNode = FALSE
	EndGlobalSection
	GlobalSection(ExtensibilityGlobals) = postSolution
		SolutionGuid = {D0F52CBC-13CB-46BC-B955-011C8A5A444B}
	EndGlobalSection
EndGlobal
